// !$*UTF8*$!
{
	archiveVersion = 1;
	classes = {
	};
	objectVersion = 52;
	objects = {

/* Begin PBXBuildFile section */
		A1652E96274BC63D0039380A /* AppDelegate.swift in Sources */ = {isa = PBXBuildFile; fileRef = A1652E95274BC63D0039380A /* AppDelegate.swift */; };
		A1652E9A274BC63D0039380A /* ViewController.swift in Sources */ = {isa = PBXBuildFile; fileRef = A1652E99274BC63D0039380A /* ViewController.swift */; };
		A1652E9D274BC63D0039380A /* Main.storyboard in Resources */ = {isa = PBXBuildFile; fileRef = A1652E9B274BC63D0039380A /* Main.storyboard */; };
		A1652EA2274BC63F0039380A /* LaunchScreen.storyboard in Resources */ = {isa = PBXBuildFile; fileRef = A1652EA0274BC63F0039380A /* LaunchScreen.storyboard */; };
		A1652EB0274BC6B00039380A /* PhonePePayment.xcframework in Frameworks */ = {isa = PBXBuildFile; fileRef = A1652EAD274BC6AB0039380A /* PhonePePayment.xcframework */; };
		A1652EB1274BC6B00039380A /* PhonePePayment.xcframework in Embed Frameworks */ = {isa = PBXBuildFile; fileRef = A1652EAD274BC6AB0039380A /* PhonePePayment.xcframework */; settings = {ATTRIBUTES = (CodeSignOnCopy, RemoveHeadersOnCopy, ); }; };
		A1652EB5274BC6CD0039380A /* ChecksumHelper.swift in Sources */ = {isa = PBXBuildFile; fileRef = A1652EB3274BC6CD0039380A /* ChecksumHelper.swift */; };
		A1652EB6274BC6CD0039380A /* Constant.swift in Sources */ = {isa = PBXBuildFile; fileRef = A1652EB4274BC6CD0039380A /* Constant.swift */; };
/* End PBXBuildFile section */

/* Begin PBXCopyFilesBuildPhase section */
		A1652EB2274BC6B00039380A /* Embed Frameworks */ = {
			isa = PBXCopyFilesBuildPhase;
			buildActionMask = 2147483647;
			dstPath = "";
			dstSubfolderSpec = 10;
			files = (
				A1652EB1274BC6B00039380A /* PhonePePayment.xcframework in Embed Frameworks */,
			);
			name = "Embed Frameworks";
			runOnlyForDeploymentPostprocessing = 0;
		};
/* End PBXCopyFilesBuildPhase section */

/* Begin PBXFileReference section */
		A1652E92274BC63D0039380A /* PhonePePaymentExample.app */ = {isa = PBXFileReference; explicitFileType = wrapper.application; includeInIndex = 0; path = PhonePePaymentExample.app; sourceTree = BUILT_PRODUCTS_DIR; };
		A1652E95274BC63D0039380A /* AppDelegate.swift */ = {isa = PBXFileReference; lastKnownFileType = sourcecode.swift; path = AppDelegate.swift; sourceTree = "<group>"; };
		A1652E99274BC63D0039380A /* ViewController.swift */ = {isa = PBXFileReference; lastKnownFileType = sourcecode.swift; path = ViewController.swift; sourceTree = "<group>"; };
		A1652E9C274BC63D0039380A /* Base */ = {isa = PBXFileReference; lastKnownFileType = file.storyboard; name = Base; path = Base.lproj/Main.storyboard; sourceTree = "<group>"; };
		A1652EA1274BC63F0039380A /* Base */ = {isa = PBXFileReference; lastKnownFileType = file.storyboard; name = Base; path = Base.lproj/LaunchScreen.storyboard; sourceTree = "<group>"; };
		A1652EA3274BC63F0039380A /* Info.plist */ = {isa = PBXFileReference; lastKnownFileType = text.plist.xml; path = Info.plist; sourceTree = "<group>"; };
		A1652EAD274BC6AB0039380A /* PhonePePayment.xcframework */ = {isa = PBXFileReference; lastKnownFileType = wrapper.xcframework; name = PhonePePayment.xcframework; path = ../../PhonePePayment.xcframework; sourceTree = "<group>"; };
		A1652EB3274BC6CD0039380A /* ChecksumHelper.swift */ = {isa = PBXFileReference; fileEncoding = 4; lastKnownFileType = sourcecode.swift; path = ChecksumHelper.swift; sourceTree = "<group>"; };
		A1652EB4274BC6CD0039380A /* Constant.swift */ = {isa = PBXFileReference; fileEncoding = 4; lastKnownFileType = sourcecode.swift; path = Constant.swift; sourceTree = "<group>"; };
/* End PBXFileReference section */

/* Begin PBXFrameworksBuildPhase section */
		A1652E8F274BC63D0039380A /* Frameworks */ = {
			isa = PBXFrameworksBuildPhase;
			buildActionMask = 2147483647;
			files = (
				A1652EB0274BC6B00039380A /* PhonePePayment.xcframework in Frameworks */,
			);
			runOnlyForDeploymentPostprocessing = 0;
		};
/* End PBXFrameworksBuildPhase section */

/* Begin PBXGroup section */
		A1652E89274BC63D0039380A = {
			isa = PBXGroup;
			children = (
				A1652EAD274BC6AB0039380A /* PhonePePayment.xcframework */,
				A1652E94274BC63D0039380A /* PhonePePaymentExample */,
				A1652E93274BC63D0039380A /* Products */,
			);
			sourceTree = "<group>";
		};
		A1652E93274BC63D0039380A /* Products */ = {
			isa = PBXGroup;
			children = (
				A1652E92274BC63D0039380A /* PhonePePaymentExample.app */,
			);
			name = Products;
			sourceTree = "<group>";
		};
		A1652E94274BC63D0039380A /* PhonePePaymentExample */ = {
			isa = PBXGroup;
			children = (
				A1652EB3274BC6CD0039380A /* ChecksumHelper.swift */,
				A1652EB4274BC6CD0039380A /* Constant.swift */,
				A1652E95274BC63D0039380A /* AppDelegate.swift */,
				A1652E99274BC63D0039380A /* ViewController.swift */,
				A1652E9B274BC63D0039380A /* Main.storyboard */,
				A1652EA0274BC63F0039380A /* LaunchScreen.storyboard */,
				A1652EA3274BC63F0039380A /* Info.plist */,
			);
			path = PhonePePaymentExample;
			sourceTree = "<group>";
		};
/* End PBXGroup section */

/* Begin PBXNativeTarget section */
		A1652E91274BC63D0039380A /* PhonePePaymentExample */ = {
			isa = PBXNativeTarget;
			buildConfigurationList = A1652EA6274BC63F0039380A /* Build configuration list for PBXNativeTarget "PhonePePaymentExample" */;
			buildPhases = (
				A1652E8E274BC63D0039380A /* Sources */,
				A1652E8F274BC63D0039380A /* Frameworks */,
				A1652E90274BC63D0039380A /* Resources */,
				A1652EB2274BC6B00039380A /* Embed Frameworks */,
			);
			buildRules = (
			);
			dependencies = (
			);
			name = PhonePePaymentExample;
			productName = PhonePePaymentExample;
			productReference = A1652E92274BC63D0039380A /* PhonePePaymentExample.app */;
			productType = "com.apple.product-type.application";
		};
/* End PBXNativeTarget section */

/* Begin PBXProject section */
		A1652E8A274BC63D0039380A /* Project object */ = {
			isa = PBXProject;
			attributes = {
				LastSwiftUpdateCheck = 1240;
				LastUpgradeCheck = 1240;
				TargetAttributes = {
					A1652E91274BC63D0039380A = {
						CreatedOnToolsVersion = 12.4;
					};
				};
			};
			buildConfigurationList = A1652E8D274BC63D0039380A /* Build configuration list for PBXProject "PhonePePaymentExample" */;
			compatibilityVersion = "Xcode 9.3";
			developmentRegion = en;
			hasScannedForEncodings = 0;
			knownRegions = (
				en,
				Base,
			);
			mainGroup = A1652E89274BC63D0039380A;
			productRefGroup = A1652E93274BC63D0039380A /* Products */;
			projectDirPath = "";
			projectRoot = "";
			targets = (
				A1652E91274BC63D0039380A /* PhonePePaymentExample */,
			);
		};
/* End PBXProject section */

/* Begin PBXResourcesBuildPhase section */
		A1652E90274BC63D0039380A /* Resources */ = {
			isa = PBXResourcesBuildPhase;
			buildActionMask = 2147483647;
			files = (
				A1652EA2274BC63F0039380A /* LaunchScreen.storyboard in Resources */,
				A1652E9D274BC63D0039380A /* Main.storyboard in Resources */,
			);
			runOnlyForDeploymentPostprocessing = 0;
		};
/* End PBXResourcesBuildPhase section */

/* Begin PBXSourcesBuildPhase section */
		A1652E8E274BC63D0039380A /* Sources */ = {
			isa = PBXSourcesBuildPhase;
			buildActionMask = 2147483647;
			files = (
				A1652E9A274BC63D0039380A /* ViewController.swift in Sources */,
				A1652EB5274BC6CD0039380A /* ChecksumHelper.swift in Sources */,
				A1652E96274BC63D0039380A /* AppDelegate.swift in Sources */,
				A1652EB6274BC6CD0039380A /* Constant.swift in Sources */,
			);
			runOnlyForDeploymentPostprocessing = 0;
		};
/* End PBXSourcesBuildPhase section */

/* Begin PBXVariantGroup section */
		A1652E9B274BC63D0039380A /* Main.storyboard */ = {
			isa = PBXVariantGroup;
			children = (
				A1652E9C274BC63D0039380A /* Base */,
			);
			name = Main.storyboard;
			sourceTree = "<group>";
		};
		A1652EA0274BC63F0039380A /* LaunchScreen.storyboard */ = {
			isa = PBXVariantGroup;
			children = (
				A1652EA1274BC63F0039380A /* Base */,
			);
			name = LaunchScreen.storyboard;
			sourceTree = "<group>";
		};
/* End PBXVariantGroup section */

/* Begin XCBuildConfiguration section */
		A1652EA4274BC63F0039380A /* Debug */ = {
			isa = XCBuildConfiguration;
			buildSettings = {
				ALWAYS_SEARCH_USER_PATHS = NO;
				CLANG_ANALYZER_NONNULL = YES;
				CLANG_ANALYZER_NUMBER_OBJECT_CONVERSION = YES_AGGRESSIVE;
				CLANG_CXX_LANGUAGE_STANDARD = "gnu++14";
				CLANG_CXX_LIBRARY = "libc++";
				CLANG_ENABLE_MODULES = YES;
				CLANG_ENABLE_OBJC_ARC = YES;
				CLANG_ENABLE_OBJC_WEAK = YES;
				CLANG_WARN_BLOCK_CAPTURE_AUTORELEASING = YES;
				CLANG_WARN_BOOL_CONVERSION = YES;
				CLANG_WARN_COMMA = YES;
				CLANG_WARN_CONSTANT_CONVERSION = YES;
				CLANG_WARN_DEPRECATED_OBJC_IMPLEMENTATIONS = YES;
				CLANG_WARN_DIRECT_OBJC_ISA_USAGE = YES_ERROR;
				CLANG_WARN_DOCUMENTATION_COMMENTS = YES;
				CLANG_WARN_EMPTY_BODY = YES;
				CLANG_WARN_ENUM_CONVERSION = YES;
				CLANG_WARN_INFINITE_RECURSION = YES;
				CLANG_WARN_INT_CONVERSION = YES;
				CLANG_WARN_NON_LITERAL_NULL_CONVERSION = YES;
				CLANG_WARN_OBJC_IMPLICIT_RETAIN_SELF = YES;
				CLANG_WARN_OBJC_LITERAL_CONVERSION = YES;
				CLANG_WARN_OBJC_ROOT_CLASS = YES_ERROR;
				CLANG_WARN_QUOTED_INCLUDE_IN_FRAMEWORK_HEADER = YES;
				CLANG_WARN_RANGE_LOOP_ANALYSIS = YES;
				CLANG_WARN_STRICT_PROTOTYPES = YES;
				CLANG_WARN_SUSPICIOUS_MOVE = YES;
				CLANG_WARN_UNGUARDED_AVAILABILITY = YES_AGGRESSIVE;
				CLANG_WARN_UNREACHABLE_CODE = YES;
				CLANG_WARN__DUPLICATE_METHOD_MATCH = YES;
				COPY_PHASE_STRIP = NO;
				DEBUG_INFORMATION_FORMAT = dwarf;
				ENABLE_STRICT_OBJC_MSGSEND = YES;
				ENABLE_TESTABILITY = YES;
				GCC_C_LANGUAGE_STANDARD = gnu11;
				GCC_DYNAMIC_NO_PIC = NO;
				GCC_NO_COMMON_BLOCKS = YES;
				GCC_OPTIMIZATION_LEVEL = 0;
				GCC_PREPROCESSOR_DEFINITIONS = (
					"DEBUG=1",
					"$(inherited)",
				);
				GCC_WARN_64_TO_32_BIT_CONVERSION = YES;
				GCC_WARN_ABOUT_RETURN_TYPE = YES_ERROR;
				GCC_WARN_UNDECLARED_SELECTOR = YES;
				GCC_WARN_UNINITIALIZED_AUTOS = YES_AGGRESSIVE;
				GCC_WARN_UNUSED_FUNCTION = YES;
				GCC_WARN_UNUSED_VARIABLE = YES;
				IPHONEOS_DEPLOYMENT_TARGET = 14.4;
				MTL_ENABLE_DEBUG_INFO = INCLUDE_SOURCE;
				MTL_FAST_MATH = YES;
				ONLY_ACTIVE_ARCH = YES;
				SDKROOT = iphoneos;
				SWIFT_ACTIVE_COMPILATION_CONDITIONS = DEBUG;
				SWIFT_OPTIMIZATION_LEVEL = "-Onone";
			};
			name = Debug;
		};
		A1652EA5274BC63F0039380A /* Release */ = {
			isa = XCBuildConfiguration;
			buildSettings = {
				ALWAYS_SEARCH_USER_PATHS = NO;
				CLANG_ANALYZER_NONNULL = YES;
				CLANG_ANALYZER_NUMBER_OBJECT_CONVERSION = YES_AGGRESSIVE;
				CLANG_CXX_LANGUAGE_STANDARD = "gnu++14";
				CLANG_CXX_LIBRARY = "libc++";
				CLANG_ENABLE_MODULES = YES;
				CLANG_ENABLE_OBJC_ARC = YES;
				CLANG_ENABLE_OBJC_WEAK = YES;
				CLANG_WARN_BLOCK_CAPTURE_AUTORELEASING = YES;
				CLANG_WARN_BOOL_CONVERSION = YES;
				CLANG_WARN_COMMA = YES;
				CLANG_WARN_CONSTANT_CONVERSION = YES;
				CLANG_WARN_DEPRECATED_OBJC_IMPLEMENTATIONS = YES;
				CLANG_WARN_DIRECT_OBJC_ISA_USAGE = YES_ERROR;
				CLANG_WARN_DOCUMENTATION_COMMENTS = YES;
				CLANG_WARN_EMPTY_BODY = YES;
				CLANG_WARN_ENUM_CONVERSION = YES;
				CLANG_WARN_INFINITE_RECURSION = YES;
				CLANG_WARN_INT_CONVERSION = YES;
				CLANG_WARN_NON_LITERAL_NULL_CONVERSION = YES;
				CLANG_WARN_OBJC_IMPLICIT_RETAIN_SELF = YES;
				CLANG_WARN_OBJC_LITERAL_CONVERSION = YES;
				CLANG_WARN_OBJC_ROOT_CLASS = YES_ERROR;
				CLANG_WARN_QUOTED_INCLUDE_IN_FRAMEWORK_HEADER = YES;
				CLANG_WARN_RANGE_LOOP_ANALYSIS = YES;
				CLANG_WARN_STRICT_PROTOTYPES = YES;
				CLANG_WARN_SUSPICIOUS_MOVE = YES;
				CLANG_WARN_UNGUARDED_AVAILABILITY = YES_AGGRESSIVE;
				CLANG_WARN_UNREACHABLE_CODE = YES;
				CLANG_WARN__DUPLICATE_METHOD_MATCH = YES;
				COPY_PHASE_STRIP = NO;
				DEBUG_INFORMATION_FORMAT = "dwarf-with-dsym";
				ENABLE_NS_ASSERTIONS = NO;
				ENABLE_STRICT_OBJC_MSGSEND = YES;
				GCC_C_LANGUAGE_STANDARD = gnu11;
				GCC_NO_COMMON_BLOCKS = YES;
				GCC_WARN_64_TO_32_BIT_CONVERSION = YES;
				GCC_WARN_ABOUT_RETURN_TYPE = YES_ERROR;
				GCC_WARN_UNDECLARED_SELECTOR = YES;
				GCC_WARN_UNINITIALIZED_AUTOS = YES_AGGRESSIVE;
				GCC_WARN_UNUSED_FUNCTION = YES;
				GCC_WARN_UNUSED_VARIABLE = YES;
				IPHONEOS_DEPLOYMENT_TARGET = 14.4;
				MTL_ENABLE_DEBUG_INFO = NO;
				MTL_FAST_MATH = YES;
				SDKROOT = iphoneos;
				SWIFT_COMPILATION_MODE = wholemodule;
				SWIFT_OPTIMIZATION_LEVEL = "-O";
				VALIDATE_PRODUCT = YES;
			};
			name = Release;
		};
		A1652EA7274BC63F0039380A /* Debug */ = {
			isa = XCBuildConfiguration;
			buildSettings = {
				ASSETCATALOG_COMPILER_APPICON_NAME = AppIcon;
				ASSETCATALOG_COMPILER_GLOBAL_ACCENT_COLOR_NAME = AccentColor;
				CODE_SIGN_STYLE = Automatic;
				DEVELOPMENT_TEAM = H986ND998X;
				INFOPLIST_FILE = PhonePePaymentExample/Info.plist;
				IPHONEOS_DEPLOYMENT_TARGET = 14.1;
				LD_RUNPATH_SEARCH_PATHS = (
					"$(inherited)",
					"@executable_path/Frameworks",
				);
				PRODUCT_BUNDLE_IDENTIFIER = com.phonepe.PhonePePaymentExample;
				PRODUCT_NAME = "$(TARGET_NAME)";
				SWIFT_VERSION = 5.0;
				TARGETED_DEVICE_FAMILY = "1,2";
			};
			name = Debug;
		};
		A1652EA8274BC63F0039380A /* Release */ = {
			isa = XCBuildConfiguration;
			buildSettings = {
				ASSETCATALOG_COMPILER_APPICON_NAME = AppIcon;
				ASSETCATALOG_COMPILER_GLOBAL_ACCENT_COLOR_NAME = AccentColor;
				CODE_SIGN_STYLE = Automatic;
				DEVELOPMENT_TEAM = H986ND998X;
				INFOPLIST_FILE = PhonePePaymentExample/Info.plist;
				IPHONEOS_DEPLOYMENT_TARGET = 14.1;
				LD_RUNPATH_SEARCH_PATHS = (
					"$(inherited)",
					"@executable_path/Frameworks",
				);
				PRODUCT_BUNDLE_IDENTIFIER = com.phonepe.PhonePePaymentExample;
				PRODUCT_NAME = "$(TARGET_NAME)";
				SWIFT_VERSION = 5.0;
				TARGETED_DEVICE_FAMILY = "1,2";
			};
			name = Release;
		};
/* End XCBuildConfiguration section */

/* Begin XCConfigurationList section */
		A1652E8D274BC63D0039380A /* Build configuration list for PBXProject "PhonePePaymentExample" */ = {
			isa = XCConfigurationList;
			buildConfigurations = (
				A1652EA4274BC63F0039380A /* Debug */,
				A1652EA5274BC63F0039380A /* Release */,
			);
			defaultConfigurationIsVisible = 0;
			defaultConfigurationName = Release;
		};
		A1652EA6274BC63F0039380A /* Build configuration list for PBXNativeTarget "PhonePePaymentExample" */ = {
			isa = XCConfigurationList;
			buildConfigurations = (
				A1652EA7274BC63F0039380A /* Debug */,
				A1652EA8274BC63F0039380A /* Release */,
			);
			defaultConfigurationIsVisible = 0;
			defaultConfigurationName = Release;
		};
/* End XCConfigurationList section */
	};
	rootObject = A1652E8A274BC63D0039380A /* Project object */;
}
