// !$*UTF8*$!
{
	archiveVersion = 1;
	classes = {
	};
	objectVersion = 51;
	objects = {

/* Begin PBXBuildFile section */
		8F163D7F0C798AE4786995E1 /* Pods_PhonePePaymentExample.framework in Frameworks */ = {isa = PBXBuildFile; fileRef = E2501394D56D84F2BBF89F3F /* Pods_PhonePePaymentExample.framework */; };
		A1687233281822AB00B4BEDE /* Constant.swift in Sources */ = {isa = PBXBuildFile; fileRef = A168722A281822AB00B4BEDE /* Constant.swift */; };
		A1687234281822AB00B4BEDE /* ViewController.swift in Sources */ = {isa = PBXBuildFile; fileRef = A168722B281822AB00B4BEDE /* ViewController.swift */; };
		A1687235281822AB00B4BEDE /* Assets.xcassets in Resources */ = {isa = PBXBuildFile; fileRef = A168722C281822AB00B4BEDE /* Assets.xcassets */; };
		A1687236281822AB00B4BEDE /* LaunchScreen.storyboard in Resources */ = {isa = PBXBuildFile; fileRef = A168722D281822AB00B4BEDE /* LaunchScreen.storyboard */; };
		A1687237281822AB00B4BEDE /* Main.storyboard in Resources */ = {isa = PBXBuildFile; fileRef = A168722F281822AB00B4BEDE /* Main.storyboard */; };
		A1687238281822AB00B4BEDE /* ChecksumHelper.swift in Sources */ = {isa = PBXBuildFile; fileRef = A1687231281822AB00B4BEDE /* ChecksumHelper.swift */; };
		A1687239281822AB00B4BEDE /* AppDelegate.swift in Sources */ = {isa = PBXBuildFile; fileRef = A1687232281822AB00B4BEDE /* AppDelegate.swift */; };
/* End PBXBuildFile section */

/* Begin PBXFileReference section */
		07C74F24FDCB1A5D02EDEF74 /* Pods_PhonePePaymentExample_PhonePePaymentExampleUITests.framework */ = {isa = PBXFileReference; explicitFileType = wrapper.framework; includeInIndex = 0; path = Pods_PhonePePaymentExample_PhonePePaymentExampleUITests.framework; sourceTree = BUILT_PRODUCTS_DIR; };
		21216FE3F3D8960F74FCD383 /* Pods-PhonePePaymentExampleTests.release.xcconfig */ = {isa = PBXFileReference; includeInIndex = 1; lastKnownFileType = text.xcconfig; name = "Pods-PhonePePaymentExampleTests.release.xcconfig"; path = "Target Support Files/Pods-PhonePePaymentExampleTests/Pods-PhonePePaymentExampleTests.release.xcconfig"; sourceTree = "<group>"; };
		33F57E3D6DE279A46290D274 /* Pods-PhonePePaymentExample-PhonePePaymentExampleUITests.release.xcconfig */ = {isa = PBXFileReference; includeInIndex = 1; lastKnownFileType = text.xcconfig; name = "Pods-PhonePePaymentExample-PhonePePaymentExampleUITests.release.xcconfig"; path = "Target Support Files/Pods-PhonePePaymentExample-PhonePePaymentExampleUITests/Pods-PhonePePaymentExample-PhonePePaymentExampleUITests.release.xcconfig"; sourceTree = "<group>"; };
		384A8F0980A52CF6BCF9DC69 /* Pods_PhonePePaymentExampleTests.framework */ = {isa = PBXFileReference; explicitFileType = wrapper.framework; includeInIndex = 0; path = Pods_PhonePePaymentExampleTests.framework; sourceTree = BUILT_PRODUCTS_DIR; };
		730EA8829D77B3991D3BE5DC /* Pods-PhonePePaymentExample.release.xcconfig */ = {isa = PBXFileReference; includeInIndex = 1; lastKnownFileType = text.xcconfig; name = "Pods-PhonePePaymentExample.release.xcconfig"; path = "Target Support Files/Pods-PhonePePaymentExample/Pods-PhonePePaymentExample.release.xcconfig"; sourceTree = "<group>"; };
		A168722A281822AB00B4BEDE /* Constant.swift */ = {isa = PBXFileReference; fileEncoding = 4; lastKnownFileType = sourcecode.swift; path = Constant.swift; sourceTree = "<group>"; };
		A168722B281822AB00B4BEDE /* ViewController.swift */ = {isa = PBXFileReference; fileEncoding = 4; lastKnownFileType = sourcecode.swift; path = ViewController.swift; sourceTree = "<group>"; };
		A168722C281822AB00B4BEDE /* Assets.xcassets */ = {isa = PBXFileReference; lastKnownFileType = folder.assetcatalog; path = Assets.xcassets; sourceTree = "<group>"; };
		A168722E281822AB00B4BEDE /* Base */ = {isa = PBXFileReference; lastKnownFileType = file.storyboard; name = Base; path = Base.lproj/LaunchScreen.storyboard; sourceTree = "<group>"; };
		A1687230281822AB00B4BEDE /* Base */ = {isa = PBXFileReference; lastKnownFileType = file.storyboard; name = Base; path = Base.lproj/Main.storyboard; sourceTree = "<group>"; };
		A1687231281822AB00B4BEDE /* ChecksumHelper.swift */ = {isa = PBXFileReference; fileEncoding = 4; lastKnownFileType = sourcecode.swift; path = ChecksumHelper.swift; sourceTree = "<group>"; };
		A1687232281822AB00B4BEDE /* AppDelegate.swift */ = {isa = PBXFileReference; fileEncoding = 4; lastKnownFileType = sourcecode.swift; path = AppDelegate.swift; sourceTree = "<group>"; };
		A1E490462732751B009A2190 /* PhonePePaymentExample.app */ = {isa = PBXFileReference; explicitFileType = wrapper.application; includeInIndex = 0; path = PhonePePaymentExample.app; sourceTree = BUILT_PRODUCTS_DIR; };
		A1E490572732751D009A2190 /* Info.plist */ = {isa = PBXFileReference; lastKnownFileType = text.plist.xml; path = Info.plist; sourceTree = "<group>"; };
		BEAA23ADD20088BFF7C93CEB /* Pods-PhonePePaymentExampleTests.debug.xcconfig */ = {isa = PBXFileReference; includeInIndex = 1; lastKnownFileType = text.xcconfig; name = "Pods-PhonePePaymentExampleTests.debug.xcconfig"; path = "Target Support Files/Pods-PhonePePaymentExampleTests/Pods-PhonePePaymentExampleTests.debug.xcconfig"; sourceTree = "<group>"; };
		CA320477A24975B0264D604E /* Pods-PhonePePaymentExample-PhonePePaymentExampleUITests.debug.xcconfig */ = {isa = PBXFileReference; includeInIndex = 1; lastKnownFileType = text.xcconfig; name = "Pods-PhonePePaymentExample-PhonePePaymentExampleUITests.debug.xcconfig"; path = "Target Support Files/Pods-PhonePePaymentExample-PhonePePaymentExampleUITests/Pods-PhonePePaymentExample-PhonePePaymentExampleUITests.debug.xcconfig"; sourceTree = "<group>"; };
		E2501394D56D84F2BBF89F3F /* Pods_PhonePePaymentExample.framework */ = {isa = PBXFileReference; explicitFileType = wrapper.framework; includeInIndex = 0; path = Pods_PhonePePaymentExample.framework; sourceTree = BUILT_PRODUCTS_DIR; };
		EA3B8CFB79BA76C8FC834A4D /* Pods-PhonePePaymentExample.debug.xcconfig */ = {isa = PBXFileReference; includeInIndex = 1; lastKnownFileType = text.xcconfig; name = "Pods-PhonePePaymentExample.debug.xcconfig"; path = "Target Support Files/Pods-PhonePePaymentExample/Pods-PhonePePaymentExample.debug.xcconfig"; sourceTree = "<group>"; };
/* End PBXFileReference section */

/* Begin PBXFrameworksBuildPhase section */
		A1E490432732751B009A2190 /* Frameworks */ = {
			isa = PBXFrameworksBuildPhase;
			buildActionMask = 2147483647;
			files = (
				8F163D7F0C798AE4786995E1 /* Pods_PhonePePaymentExample.framework in Frameworks */,
			);
			runOnlyForDeploymentPostprocessing = 0;
		};
/* End PBXFrameworksBuildPhase section */

/* Begin PBXGroup section */
		5D377B316270AA78C7F0CA03 /* Pods */ = {
			isa = PBXGroup;
			children = (
				EA3B8CFB79BA76C8FC834A4D /* Pods-PhonePePaymentExample.debug.xcconfig */,
				730EA8829D77B3991D3BE5DC /* Pods-PhonePePaymentExample.release.xcconfig */,
				CA320477A24975B0264D604E /* Pods-PhonePePaymentExample-PhonePePaymentExampleUITests.debug.xcconfig */,
				33F57E3D6DE279A46290D274 /* Pods-PhonePePaymentExample-PhonePePaymentExampleUITests.release.xcconfig */,
				BEAA23ADD20088BFF7C93CEB /* Pods-PhonePePaymentExampleTests.debug.xcconfig */,
				21216FE3F3D8960F74FCD383 /* Pods-PhonePePaymentExampleTests.release.xcconfig */,
			);
			path = Pods;
			sourceTree = "<group>";
		};
		A1687229281822AB00B4BEDE /* CommonCode */ = {
			isa = PBXGroup;
			children = (
				A168722A281822AB00B4BEDE /* Constant.swift */,
				A168722B281822AB00B4BEDE /* ViewController.swift */,
				A168722C281822AB00B4BEDE /* Assets.xcassets */,
				A168722D281822AB00B4BEDE /* LaunchScreen.storyboard */,
				A168722F281822AB00B4BEDE /* Main.storyboard */,
				A1687231281822AB00B4BEDE /* ChecksumHelper.swift */,
				A1687232281822AB00B4BEDE /* AppDelegate.swift */,
			);
			name = CommonCode;
			path = ../../CommonCode;
			sourceTree = "<group>";
		};
		A1E4903D2732751B009A2190 = {
			isa = PBXGroup;
			children = (
				A1E490482732751B009A2190 /* PhonePePaymentExample */,
				A1E490472732751B009A2190 /* Products */,
				5D377B316270AA78C7F0CA03 /* Pods */,
				AA3C4B7999AA59216E5E2E32 /* Frameworks */,
			);
			sourceTree = "<group>";
		};
		A1E490472732751B009A2190 /* Products */ = {
			isa = PBXGroup;
			children = (
				A1E490462732751B009A2190 /* PhonePePaymentExample.app */,
			);
			name = Products;
			sourceTree = "<group>";
		};
		A1E490482732751B009A2190 /* PhonePePaymentExample */ = {
			isa = PBXGroup;
			children = (
				A1687229281822AB00B4BEDE /* CommonCode */,
				A1E490572732751D009A2190 /* Info.plist */,
			);
			path = PhonePePaymentExample;
			sourceTree = "<group>";
		};
		AA3C4B7999AA59216E5E2E32 /* Frameworks */ = {
			isa = PBXGroup;
			children = (
				E2501394D56D84F2BBF89F3F /* Pods_PhonePePaymentExample.framework */,
				07C74F24FDCB1A5D02EDEF74 /* Pods_PhonePePaymentExample_PhonePePaymentExampleUITests.framework */,
				384A8F0980A52CF6BCF9DC69 /* Pods_PhonePePaymentExampleTests.framework */,
			);
			name = Frameworks;
			sourceTree = "<group>";
		};
/* End PBXGroup section */

/* Begin PBXNativeTarget section */
		A1E490452732751B009A2190 /* PhonePePaymentExample */ = {
			isa = PBXNativeTarget;
			buildConfigurationList = A1E490702732751D009A2190 /* Build configuration list for PBXNativeTarget "PhonePePaymentExample" */;
			buildPhases = (
				8589A25F843802C92094331B /* [CP] Check Pods Manifest.lock */,
				A1E490422732751B009A2190 /* Sources */,
				A1E490432732751B009A2190 /* Frameworks */,
				A1E490442732751B009A2190 /* Resources */,
				2DF093A8CA4E045BD3FA09C0 /* [CP] Embed Pods Frameworks */,
			);
			buildRules = (
			);
			dependencies = (
			);
			name = PhonePePaymentExample;
			productName = PhonePePaymentExample;
			productReference = A1E490462732751B009A2190 /* PhonePePaymentExample.app */;
			productType = "com.apple.product-type.application";
		};
/* End PBXNativeTarget section */

/* Begin PBXProject section */
		A1E4903E2732751B009A2190 /* Project object */ = {
			isa = PBXProject;
			attributes = {
				LastSwiftUpdateCheck = 1240;
				LastUpgradeCheck = 1240;
				TargetAttributes = {
					A1E490452732751B009A2190 = {
						CreatedOnToolsVersion = 12.4;
					};
				};
			};
			buildConfigurationList = A1E490412732751B009A2190 /* Build configuration list for PBXProject "PhonePePaymentExample" */;
			compatibilityVersion = "Xcode 9.3";
			developmentRegion = en;
			hasScannedForEncodings = 0;
			knownRegions = (
				en,
				Base,
			);
			mainGroup = A1E4903D2732751B009A2190;
			productRefGroup = A1E490472732751B009A2190 /* Products */;
			projectDirPath = "";
			projectRoot = "";
			targets = (
				A1E490452732751B009A2190 /* PhonePePaymentExample */,
			);
		};
/* End PBXProject section */

/* Begin PBXResourcesBuildPhase section */
		A1E490442732751B009A2190 /* Resources */ = {
			isa = PBXResourcesBuildPhase;
			buildActionMask = 2147483647;
			files = (
				A1687237281822AB00B4BEDE /* Main.storyboard in Resources */,
				A1687235281822AB00B4BEDE /* Assets.xcassets in Resources */,
				A1687236281822AB00B4BEDE /* LaunchScreen.storyboard in Resources */,
			);
			runOnlyForDeploymentPostprocessing = 0;
		};
/* End PBXResourcesBuildPhase section */

/* Begin PBXShellScriptBuildPhase section */
		2DF093A8CA4E045BD3FA09C0 /* [CP] Embed Pods Frameworks */ = {
			isa = PBXShellScriptBuildPhase;
			buildActionMask = 2147483647;
			files = (
			);
			inputFileListPaths = (
				"${PODS_ROOT}/Target Support Files/Pods-PhonePePaymentExample/Pods-PhonePePaymentExample-frameworks-${CONFIGURATION}-input-files.xcfilelist",
			);
			name = "[CP] Embed Pods Frameworks";
			outputFileListPaths = (
				"${PODS_ROOT}/Target Support Files/Pods-PhonePePaymentExample/Pods-PhonePePaymentExample-frameworks-${CONFIGURATION}-output-files.xcfilelist",
			);
			runOnlyForDeploymentPostprocessing = 0;
			shellPath = /bin/sh;
			shellScript = "\"${PODS_ROOT}/Target Support Files/Pods-PhonePePaymentExample/Pods-PhonePePaymentExample-frameworks.sh\"\n";
			showEnvVarsInLog = 0;
		};
		8589A25F843802C92094331B /* [CP] Check Pods Manifest.lock */ = {
			isa = PBXShellScriptBuildPhase;
			buildActionMask = 2147483647;
			files = (
			);
			inputFileListPaths = (
			);
			inputPaths = (
				"${PODS_PODFILE_DIR_PATH}/Podfile.lock",
				"${PODS_ROOT}/Manifest.lock",
			);
			name = "[CP] Check Pods Manifest.lock";
			outputFileListPaths = (
			);
			outputPaths = (
				"$(DERIVED_FILE_DIR)/Pods-PhonePePaymentExample-checkManifestLockResult.txt",
			);
			runOnlyForDeploymentPostprocessing = 0;
			shellPath = /bin/sh;
			shellScript = "diff \"${PODS_PODFILE_DIR_PATH}/Podfile.lock\" \"${PODS_ROOT}/Manifest.lock\" > /dev/null\nif [ $? != 0 ] ; then\n    # print error to STDERR\n    echo \"error: The sandbox is not in sync with the Podfile.lock. Run 'pod install' or update your CocoaPods installation.\" >&2\n    exit 1\nfi\n# This output is used by Xcode 'outputs' to avoid re-running this script phase.\necho \"SUCCESS\" > \"${SCRIPT_OUTPUT_FILE_0}\"\n";
			showEnvVarsInLog = 0;
		};
/* End PBXShellScriptBuildPhase section */

/* Begin PBXSourcesBuildPhase section */
		A1E490422732751B009A2190 /* Sources */ = {
			isa = PBXSourcesBuildPhase;
			buildActionMask = 2147483647;
			files = (
				A1687239281822AB00B4BEDE /* AppDelegate.swift in Sources */,
				A1687234281822AB00B4BEDE /* ViewController.swift in Sources */,
				A1687238281822AB00B4BEDE /* ChecksumHelper.swift in Sources */,
				A1687233281822AB00B4BEDE /* Constant.swift in Sources */,
			);
			runOnlyForDeploymentPostprocessing = 0;
		};
/* End PBXSourcesBuildPhase section */

/* Begin PBXVariantGroup section */
		A168722D281822AB00B4BEDE /* LaunchScreen.storyboard */ = {
			isa = PBXVariantGroup;
			children = (
				A168722E281822AB00B4BEDE /* Base */,
			);
			name = LaunchScreen.storyboard;
			sourceTree = "<group>";
		};
		A168722F281822AB00B4BEDE /* Main.storyboard */ = {
			isa = PBXVariantGroup;
			children = (
				A1687230281822AB00B4BEDE /* Base */,
			);
			name = Main.storyboard;
			sourceTree = "<group>";
		};
/* End PBXVariantGroup section */

/* Begin XCBuildConfiguration section */
		A1E4906E2732751D009A2190 /* Debug */ = {
			isa = XCBuildConfiguration;
			buildSettings = {
				ALWAYS_SEARCH_USER_PATHS = NO;
				CLANG_ANALYZER_NONNULL = YES;
				CLANG_ANALYZER_NUMBER_OBJECT_CONVERSION = YES_AGGRESSIVE;
				CLANG_CXX_LANGUAGE_STANDARD = "gnu++14";
				CLANG_CXX_LIBRARY = "libc++";
				CLANG_ENABLE_MODULES = YES;
				CLANG_ENABLE_OBJC_ARC = YES;
				CLANG_ENABLE_OBJC_WEAK = YES;
				CLANG_WARN_BLOCK_CAPTURE_AUTORELEASING = YES;
				CLANG_WARN_BOOL_CONVERSION = YES;
				CLANG_WARN_COMMA = YES;
				CLANG_WARN_CONSTANT_CONVERSION = YES;
				CLANG_WARN_DEPRECATED_OBJC_IMPLEMENTATIONS = YES;
				CLANG_WARN_DIRECT_OBJC_ISA_USAGE = YES_ERROR;
				CLANG_WARN_DOCUMENTATION_COMMENTS = YES;
				CLANG_WARN_EMPTY_BODY = YES;
				CLANG_WARN_ENUM_CONVERSION = YES;
				CLANG_WARN_INFINITE_RECURSION = YES;
				CLANG_WARN_INT_CONVERSION = YES;
				CLANG_WARN_NON_LITERAL_NULL_CONVERSION = YES;
				CLANG_WARN_OBJC_IMPLICIT_RETAIN_SELF = YES;
				CLANG_WARN_OBJC_LITERAL_CONVERSION = YES;
				CLANG_WARN_OBJC_ROOT_CLASS = YES_ERROR;
				CLANG_WARN_QUOTED_INCLUDE_IN_FRAMEWORK_HEADER = YES;
				CLANG_WARN_RANGE_LOOP_ANALYSIS = YES;
				CLANG_WARN_STRICT_PROTOTYPES = YES;
				CLANG_WARN_SUSPICIOUS_MOVE = YES;
				CLANG_WARN_UNGUARDED_AVAILABILITY = YES_AGGRESSIVE;
				CLANG_WARN_UNREACHABLE_CODE = YES;
				CLANG_WARN__DUPLICATE_METHOD_MATCH = YES;
				COPY_PHASE_STRIP = NO;
				DEBUG_INFORMATION_FORMAT = dwarf;
				ENABLE_STRICT_OBJC_MSGSEND = YES;
				ENABLE_TESTABILITY = YES;
				GCC_C_LANGUAGE_STANDARD = gnu11;
				GCC_DYNAMIC_NO_PIC = NO;
				GCC_NO_COMMON_BLOCKS = YES;
				GCC_OPTIMIZATION_LEVEL = 0;
				GCC_PREPROCESSOR_DEFINITIONS = (
					"DEBUG=1",
					"$(inherited)",
				);
				GCC_WARN_64_TO_32_BIT_CONVERSION = YES;
				GCC_WARN_ABOUT_RETURN_TYPE = YES_ERROR;
				GCC_WARN_UNDECLARED_SELECTOR = YES;
				GCC_WARN_UNINITIALIZED_AUTOS = YES_AGGRESSIVE;
				GCC_WARN_UNUSED_FUNCTION = YES;
				GCC_WARN_UNUSED_VARIABLE = YES;
				IPHONEOS_DEPLOYMENT_TARGET = 14.4;
				MTL_ENABLE_DEBUG_INFO = INCLUDE_SOURCE;
				MTL_FAST_MATH = YES;
				ONLY_ACTIVE_ARCH = YES;
				SDKROOT = iphoneos;
				SWIFT_ACTIVE_COMPILATION_CONDITIONS = DEBUG;
				SWIFT_OPTIMIZATION_LEVEL = "-Onone";
			};
			name = Debug;
		};
		A1E4906F2732751D009A2190 /* Release */ = {
			isa = XCBuildConfiguration;
			buildSettings = {
				ALWAYS_SEARCH_USER_PATHS = NO;
				CLANG_ANALYZER_NONNULL = YES;
				CLANG_ANALYZER_NUMBER_OBJECT_CONVERSION = YES_AGGRESSIVE;
				CLANG_CXX_LANGUAGE_STANDARD = "gnu++14";
				CLANG_CXX_LIBRARY = "libc++";
				CLANG_ENABLE_MODULES = YES;
				CLANG_ENABLE_OBJC_ARC = YES;
				CLANG_ENABLE_OBJC_WEAK = YES;
				CLANG_WARN_BLOCK_CAPTURE_AUTORELEASING = YES;
				CLANG_WARN_BOOL_CONVERSION = YES;
				CLANG_WARN_COMMA = YES;
				CLANG_WARN_CONSTANT_CONVERSION = YES;
				CLANG_WARN_DEPRECATED_OBJC_IMPLEMENTATIONS = YES;
				CLANG_WARN_DIRECT_OBJC_ISA_USAGE = YES_ERROR;
				CLANG_WARN_DOCUMENTATION_COMMENTS = YES;
				CLANG_WARN_EMPTY_BODY = YES;
				CLANG_WARN_ENUM_CONVERSION = YES;
				CLANG_WARN_INFINITE_RECURSION = YES;
				CLANG_WARN_INT_CONVERSION = YES;
				CLANG_WARN_NON_LITERAL_NULL_CONVERSION = YES;
				CLANG_WARN_OBJC_IMPLICIT_RETAIN_SELF = YES;
				CLANG_WARN_OBJC_LITERAL_CONVERSION = YES;
				CLANG_WARN_OBJC_ROOT_CLASS = YES_ERROR;
				CLANG_WARN_QUOTED_INCLUDE_IN_FRAMEWORK_HEADER = YES;
				CLANG_WARN_RANGE_LOOP_ANALYSIS = YES;
				CLANG_WARN_STRICT_PROTOTYPES = YES;
				CLANG_WARN_SUSPICIOUS_MOVE = YES;
				CLANG_WARN_UNGUARDED_AVAILABILITY = YES_AGGRESSIVE;
				CLANG_WARN_UNREACHABLE_CODE = YES;
				CLANG_WARN__DUPLICATE_METHOD_MATCH = YES;
				COPY_PHASE_STRIP = NO;
				DEBUG_INFORMATION_FORMAT = "dwarf-with-dsym";
				ENABLE_NS_ASSERTIONS = NO;
				ENABLE_STRICT_OBJC_MSGSEND = YES;
				GCC_C_LANGUAGE_STANDARD = gnu11;
				GCC_NO_COMMON_BLOCKS = YES;
				GCC_WARN_64_TO_32_BIT_CONVERSION = YES;
				GCC_WARN_ABOUT_RETURN_TYPE = YES_ERROR;
				GCC_WARN_UNDECLARED_SELECTOR = YES;
				GCC_WARN_UNINITIALIZED_AUTOS = YES_AGGRESSIVE;
				GCC_WARN_UNUSED_FUNCTION = YES;
				GCC_WARN_UNUSED_VARIABLE = YES;
				IPHONEOS_DEPLOYMENT_TARGET = 14.4;
				MTL_ENABLE_DEBUG_INFO = NO;
				MTL_FAST_MATH = YES;
				SDKROOT = iphoneos;
				SWIFT_COMPILATION_MODE = wholemodule;
				SWIFT_OPTIMIZATION_LEVEL = "-O";
				VALIDATE_PRODUCT = YES;
			};
			name = Release;
		};
		A1E490712732751D009A2190 /* Debug */ = {
			isa = XCBuildConfiguration;
			baseConfigurationReference = EA3B8CFB79BA76C8FC834A4D /* Pods-PhonePePaymentExample.debug.xcconfig */;
			buildSettings = {
				ASSETCATALOG_COMPILER_APPICON_NAME = AppIcon;
				ASSETCATALOG_COMPILER_GLOBAL_ACCENT_COLOR_NAME = AccentColor;
				CODE_SIGN_STYLE = Automatic;
				DEVELOPMENT_TEAM = H986ND998X;
				INFOPLIST_FILE = PhonePePaymentExample/Info.plist;
				LD_RUNPATH_SEARCH_PATHS = (
					"$(inherited)",
					"@executable_path/Frameworks",
				);
				PRODUCT_BUNDLE_IDENTIFIER = com.phonepe.PhonePePaymentExample;
				PRODUCT_NAME = "$(TARGET_NAME)";
				SWIFT_VERSION = 5.0;
				TARGETED_DEVICE_FAMILY = "1,2";
			};
			name = Debug;
		};
		A1E490722732751D009A2190 /* Release */ = {
			isa = XCBuildConfiguration;
			baseConfigurationReference = 730EA8829D77B3991D3BE5DC /* Pods-PhonePePaymentExample.release.xcconfig */;
			buildSettings = {
				ASSETCATALOG_COMPILER_APPICON_NAME = AppIcon;
				ASSETCATALOG_COMPILER_GLOBAL_ACCENT_COLOR_NAME = AccentColor;
				CODE_SIGN_STYLE = Automatic;
				DEVELOPMENT_TEAM = H986ND998X;
				INFOPLIST_FILE = PhonePePaymentExample/Info.plist;
				LD_RUNPATH_SEARCH_PATHS = (
					"$(inherited)",
					"@executable_path/Frameworks",
				);
				PRODUCT_BUNDLE_IDENTIFIER = com.phonepe.PhonePePaymentExample;
				PRODUCT_NAME = "$(TARGET_NAME)";
				SWIFT_VERSION = 5.0;
				TARGETED_DEVICE_FAMILY = "1,2";
			};
			name = Release;
		};
/* End XCBuildConfiguration section */

/* Begin XCConfigurationList section */
		A1E490412732751B009A2190 /* Build configuration list for PBXProject "PhonePePaymentExample" */ = {
			isa = XCConfigurationList;
			buildConfigurations = (
				A1E4906E2732751D009A2190 /* Debug */,
				A1E4906F2732751D009A2190 /* Release */,
			);
			defaultConfigurationIsVisible = 0;
			defaultConfigurationName = Release;
		};
		A1E490702732751D009A2190 /* Build configuration list for PBXNativeTarget "PhonePePaymentExample" */ = {
			isa = XCConfigurationList;
			buildConfigurations = (
				A1E490712732751D009A2190 /* Debug */,
				A1E490722732751D009A2190 /* Release */,
			);
			defaultConfigurationIsVisible = 0;
			defaultConfigurationName = Release;
		};
/* End XCConfigurationList section */
	};
	rootObject = A1E4903E2732751B009A2190 /* Project object */;
}
